// !$*UTF8*$!
{
	archiveVersion = 1;
	classes = {
	};
	objectVersion = 50;
	objects = {

/* Begin PBXBuildFile section */
		101F1803210083F1008ACFD5 /* MyAwesomeModel.mlmodel in Sources */ = {isa = PBXBuildFile; fileRef = 101F1802210083F1008ACFD5 /* MyAwesomeModel.mlmodel */; };
		103B0E0F20FF5A52004DA2E2 /* AppDelegate.swift in Sources */ = {isa = PBXBuildFile; fileRef = 103B0E0E20FF5A52004DA2E2 /* AppDelegate.swift */; };
		103B0E1120FF5A52004DA2E2 /* ViewController.swift in Sources */ = {isa = PBXBuildFile; fileRef = 103B0E1020FF5A52004DA2E2 /* ViewController.swift */; };
		103B0E1420FF5A52004DA2E2 /* Main.storyboard in Resources */ = {isa = PBXBuildFile; fileRef = 103B0E1220FF5A52004DA2E2 /* Main.storyboard */; };
		103B0E1620FF5A54004DA2E2 /* Assets.xcassets in Resources */ = {isa = PBXBuildFile; fileRef = 103B0E1520FF5A54004DA2E2 /* Assets.xcassets */; };
		103B0E1920FF5A54004DA2E2 /* LaunchScreen.storyboard in Resources */ = {isa = PBXBuildFile; fileRef = 103B0E1720FF5A54004DA2E2 /* LaunchScreen.storyboard */; };
		103B0E2120FF60D9004DA2E2 /* DetectionViewController.swift in Sources */ = {isa = PBXBuildFile; fileRef = 103B0E2020FF60D9004DA2E2 /* DetectionViewController.swift */; };
/* End PBXBuildFile section */

/* Begin PBXFileReference section */
		101F1802210083F1008ACFD5 /* MyAwesomeModel.mlmodel */ = {isa = PBXFileReference; lastKnownFileType = file.mlmodel; path = MyAwesomeModel.mlmodel; sourceTree = "<group>"; };
		103B0E0B20FF5A52004DA2E2 /* CreateMLSofiaSwift.app */ = {isa = PBXFileReference; explicitFileType = wrapper.application; includeInIndex = 0; path = CreateMLSofiaSwift.app; sourceTree = BUILT_PRODUCTS_DIR; };
		103B0E0E20FF5A52004DA2E2 /* AppDelegate.swift */ = {isa = PBXFileReference; lastKnownFileType = sourcecode.swift; path = AppDelegate.swift; sourceTree = "<group>"; };
		103B0E1020FF5A52004DA2E2 /* ViewController.swift */ = {isa = PBXFileReference; lastKnownFileType = sourcecode.swift; path = ViewController.swift; sourceTree = "<group>"; };
		103B0E1320FF5A52004DA2E2 /* Base */ = {isa = PBXFileReference; lastKnownFileType = file.storyboard; name = Base; path = Base.lproj/Main.storyboard; sourceTree = "<group>"; };
		103B0E1520FF5A54004DA2E2 /* Assets.xcassets */ = {isa = PBXFileReference; lastKnownFileType = folder.assetcatalog; path = Assets.xcassets; sourceTree = "<group>"; };
		103B0E1820FF5A54004DA2E2 /* Base */ = {isa = PBXFileReference; lastKnownFileType = file.storyboard; name = Base; path = Base.lproj/LaunchScreen.storyboard; sourceTree = "<group>"; };
		103B0E1A20FF5A54004DA2E2 /* Info.plist */ = {isa = PBXFileReference; lastKnownFileType = text.plist.xml; path = Info.plist; sourceTree = "<group>"; };
		103B0E2020FF60D9004DA2E2 /* DetectionViewController.swift */ = {isa = PBXFileReference; lastKnownFileType = sourcecode.swift; path = DetectionViewController.swift; sourceTree = "<group>"; };
/* End PBXFileReference section */

/* Begin PBXFrameworksBuildPhase section */
		103B0E0820FF5A52004DA2E2 /* Frameworks */ = {
			isa = PBXFrameworksBuildPhase;
			buildActionMask = 2147483647;
			files = (
			);
			runOnlyForDeploymentPostprocessing = 0;
		};
/* End PBXFrameworksBuildPhase section */

/* Begin PBXGroup section */
		103B0E0220FF5A52004DA2E2 = {
			isa = PBXGroup;
			children = (
				103B0E0D20FF5A52004DA2E2 /* CreateMLCounter */,
				103B0E0C20FF5A52004DA2E2 /* Products */,
			);
			sourceTree = "<group>";
		};
		103B0E0C20FF5A52004DA2E2 /* Products */ = {
			isa = PBXGroup;
			children = (
				103B0E0B20FF5A52004DA2E2 /* CreateMLSofiaSwift.app */,
			);
			name = Products;
			sourceTree = "<group>";
		};
		103B0E0D20FF5A52004DA2E2 /* CreateMLCounter */ = {
			isa = PBXGroup;
			children = (
				103B0E0E20FF5A52004DA2E2 /* AppDelegate.swift */,
				103B0E1020FF5A52004DA2E2 /* ViewController.swift */,
				103B0E2020FF60D9004DA2E2 /* DetectionViewController.swift */,
				101F1802210083F1008ACFD5 /* MyAwesomeModel.mlmodel */,
				103B0E1220FF5A52004DA2E2 /* Main.storyboard */,
				103B0E1520FF5A54004DA2E2 /* Assets.xcassets */,
				103B0E1720FF5A54004DA2E2 /* LaunchScreen.storyboard */,
				103B0E1A20FF5A54004DA2E2 /* Info.plist */,
			);
			path = CreateMLCounter;
			sourceTree = "<group>";
		};
/* End PBXGroup section */

/* Begin PBXNativeTarget section */
		103B0E0A20FF5A52004DA2E2 /* CreateMLSofiaSwift */ = {
			isa = PBXNativeTarget;
			buildConfigurationList = 103B0E1D20FF5A54004DA2E2 /* Build configuration list for PBXNativeTarget "CreateMLSofiaSwift" */;
			buildPhases = (
				103B0E0720FF5A52004DA2E2 /* Sources */,
				103B0E0820FF5A52004DA2E2 /* Frameworks */,
				103B0E0920FF5A52004DA2E2 /* Resources */,
			);
			buildRules = (
			);
			dependencies = (
			);
			name = CreateMLSofiaSwift;
			productName = CreateMLCounter;
			productReference = 103B0E0B20FF5A52004DA2E2 /* CreateMLSofiaSwift.app */;
			productType = "com.apple.product-type.application";
		};
/* End PBXNativeTarget section */

/* Begin PBXProject section */
		103B0E0320FF5A52004DA2E2 /* Project object */ = {
			isa = PBXProject;
			attributes = {
				LastSwiftUpdateCheck = 1000;
				LastUpgradeCheck = 1000;
				ORGANIZATIONNAME = "Rapid Development Crew";
				TargetAttributes = {
					103B0E0A20FF5A52004DA2E2 = {
						CreatedOnToolsVersion = 10.0;
					};
				};
			};
			buildConfigurationList = 103B0E0620FF5A52004DA2E2 /* Build configuration list for PBXProject "CreateMLSofiaSwift" */;
			compatibilityVersion = "Xcode 9.3";
			developmentRegion = en;
			hasScannedForEncodings = 0;
			knownRegions = (
				en,
				Base,
			);
			mainGroup = 103B0E0220FF5A52004DA2E2;
			productRefGroup = 103B0E0C20FF5A52004DA2E2 /* Products */;
			projectDirPath = "";
			projectRoot = "";
			targets = (
				103B0E0A20FF5A52004DA2E2 /* CreateMLSofiaSwift */,
			);
		};
/* End PBXProject section */

/* Begin PBXResourcesBuildPhase section */
		103B0E0920FF5A52004DA2E2 /* Resources */ = {
			isa = PBXResourcesBuildPhase;
			buildActionMask = 2147483647;
			files = (
				103B0E1920FF5A54004DA2E2 /* LaunchScreen.storyboard in Resources */,
				103B0E1620FF5A54004DA2E2 /* Assets.xcassets in Resources */,
				103B0E1420FF5A52004DA2E2 /* Main.storyboard in Resources */,
			);
			runOnlyForDeploymentPostprocessing = 0;
		};
/* End PBXResourcesBuildPhase section */

/* Begin PBXSourcesBuildPhase section */
		103B0E0720FF5A52004DA2E2 /* Sources */ = {
			isa = PBXSourcesBuildPhase;
			buildActionMask = 2147483647;
			files = (
				103B0E1120FF5A52004DA2E2 /* ViewController.swift in Sources */,
				103B0E0F20FF5A52004DA2E2 /* AppDelegate.swift in Sources */,
				101F1803210083F1008ACFD5 /* MyAwesomeModel.mlmodel in Sources */,
				103B0E2120FF60D9004DA2E2 /* DetectionViewController.swift in Sources */,
			);
			runOnlyForDeploymentPostprocessing = 0;
		};
/* End PBXSourcesBuildPhase section */

/* Begin PBXVariantGroup section */
		103B0E1220FF5A52004DA2E2 /* Main.storyboard */ = {
			isa = PBXVariantGroup;
			children = (
				103B0E1320FF5A52004DA2E2 /* Base */,
			);
			name = Main.storyboard;
			sourceTree = "<group>";
		};
		103B0E1720FF5A54004DA2E2 /* LaunchScreen.storyboard */ = {
			isa = PBXVariantGroup;
			children = (
				103B0E1820FF5A54004DA2E2 /* Base */,
			);
			name = LaunchScreen.storyboard;
			sourceTree = "<group>";
		};
/* End PBXVariantGroup section */

/* Begin XCBuildConfiguration section */
		103B0E1B20FF5A54004DA2E2 /* Debug */ = {
			isa = XCBuildConfiguration;
			buildSettings = {
				ALWAYS_SEARCH_USER_PATHS = NO;
				CLANG_ANALYZER_NONNULL = YES;
				CLANG_ANALYZER_NUMBER_OBJECT_CONVERSION = YES_AGGRESSIVE;
				CLANG_CXX_LANGUAGE_STANDARD = "gnu++14";
				CLANG_CXX_LIBRARY = "libc++";
				CLANG_ENABLE_MODULES = YES;
				CLANG_ENABLE_OBJC_ARC = YES;
				CLANG_ENABLE_OBJC_WEAK = YES;
				CLANG_WARN_BLOCK_CAPTURE_AUTORELEASING = YES;
				CLANG_WARN_BOOL_CONVERSION = YES;
				CLANG_WARN_COMMA = YES;
				CLANG_WARN_CONSTANT_CONVERSION = YES;
				CLANG_WARN_DEPRECATED_OBJC_IMPLEMENTATIONS = YES;
				CLANG_WARN_DIRECT_OBJC_ISA_USAGE = YES_ERROR;
				CLANG_WARN_DOCUMENTATION_COMMENTS = YES;
				CLANG_WARN_EMPTY_BODY = YES;
				CLANG_WARN_ENUM_CONVERSION = YES;
				CLANG_WARN_INFINITE_RECURSION = YES;
				CLANG_WARN_INT_CONVERSION = YES;
				CLANG_WARN_NON_LITERAL_NULL_CONVERSION = YES;
				CLANG_WARN_OBJC_IMPLICIT_RETAIN_SELF = YES;
				CLANG_WARN_OBJC_LITERAL_CONVERSION = YES;
				CLANG_WARN_OBJC_ROOT_CLASS = YES_ERROR;
				CLANG_WARN_RANGE_LOOP_ANALYSIS = YES;
				CLANG_WARN_STRICT_PROTOTYPES = YES;
				CLANG_WARN_SUSPICIOUS_MOVE = YES;
				CLANG_WARN_UNGUARDED_AVAILABILITY = YES_AGGRESSIVE;
				CLANG_WARN_UNREACHABLE_CODE = YES;
				CLANG_WARN__DUPLICATE_METHOD_MATCH = YES;
				CODE_SIGN_IDENTITY = "iPhone Developer";
				COPY_PHASE_STRIP = NO;
				DEBUG_INFORMATION_FORMAT = dwarf;
				ENABLE_STRICT_OBJC_MSGSEND = YES;
				ENABLE_TESTABILITY = YES;
				GCC_C_LANGUAGE_STANDARD = gnu11;
				GCC_DYNAMIC_NO_PIC = NO;
				GCC_NO_COMMON_BLOCKS = YES;
				GCC_OPTIMIZATION_LEVEL = 0;
				GCC_PREPROCESSOR_DEFINITIONS = (
					"DEBUG=1",
					"$(inherited)",
				);
				GCC_WARN_64_TO_32_BIT_CONVERSION = YES;
				GCC_WARN_ABOUT_RETURN_TYPE = YES_ERROR;
				GCC_WARN_UNDECLARED_SELECTOR = YES;
				GCC_WARN_UNINITIALIZED_AUTOS = YES_AGGRESSIVE;
				GCC_WARN_UNUSED_FUNCTION = YES;
				GCC_WARN_UNUSED_VARIABLE = YES;
				IPHONEOS_DEPLOYMENT_TARGET = 12.0;
				MTL_ENABLE_DEBUG_INFO = INCLUDE_SOURCE;
				ONLY_ACTIVE_ARCH = YES;
				SDKROOT = iphoneos;
				SWIFT_ACTIVE_COMPILATION_CONDITIONS = DEBUG;
				SWIFT_OPTIMIZATION_LEVEL = "-Onone";
			};
			name = Debug;
		};
		103B0E1C20FF5A54004DA2E2 /* Release */ = {
			isa = XCBuildConfiguration;
			buildSettings = {
				ALWAYS_SEARCH_USER_PATHS = NO;
				CLANG_ANALYZER_NONNULL = YES;
				CLANG_ANALYZER_NUMBER_OBJECT_CONVERSION = YES_AGGRESSIVE;
				CLANG_CXX_LANGUAGE_STANDARD = "gnu++14";
				CLANG_CXX_LIBRARY = "libc++";
				CLANG_ENABLE_MODULES = YES;
				CLANG_ENABLE_OBJC_ARC = YES;
				CLANG_ENABLE_OBJC_WEAK = YES;
				CLANG_WARN_BLOCK_CAPTURE_AUTORELEASING = YES;
				CLANG_WARN_BOOL_CONVERSION = YES;
				CLANG_WARN_COMMA = YES;
				CLANG_WARN_CONSTANT_CONVERSION = YES;
				CLANG_WARN_DEPRECATED_OBJC_IMPLEMENTATIONS = YES;
				CLANG_WARN_DIRECT_OBJC_ISA_USAGE = YES_ERROR;
				CLANG_WARN_DOCUMENTATION_COMMENTS = YES;
				CLANG_WARN_EMPTY_BODY = YES;
				CLANG_WARN_ENUM_CONVERSION = YES;
				CLANG_WARN_INFINITE_RECURSION = YES;
				CLANG_WARN_INT_CONVERSION = YES;
				CLANG_WARN_NON_LITERAL_NULL_CONVERSION = YES;
				CLANG_WARN_OBJC_IMPLICIT_RETAIN_SELF = YES;
				CLANG_WARN_OBJC_LITERAL_CONVERSION = YES;
				CLANG_WARN_OBJC_ROOT_CLASS = YES_ERROR;
				CLANG_WARN_RANGE_LOOP_ANALYSIS = YES;
				CLANG_WARN_STRICT_PROTOTYPES = YES;
				CLANG_WARN_SUSPICIOUS_MOVE = YES;
				CLANG_WARN_UNGUARDED_AVAILABILITY = YES_AGGRESSIVE;
				CLANG_WARN_UNREACHABLE_CODE = YES;
				CLANG_WARN__DUPLICATE_METHOD_MATCH = YES;
				CODE_SIGN_IDENTITY = "iPhone Developer";
				COPY_PHASE_STRIP = NO;
				DEBUG_INFORMATION_FORMAT = "dwarf-with-dsym";
				ENABLE_NS_ASSERTIONS = NO;
				ENABLE_STRICT_OBJC_MSGSEND = YES;
				GCC_C_LANGUAGE_STANDARD = gnu11;
				GCC_NO_COMMON_BLOCKS = YES;
				GCC_WARN_64_TO_32_BIT_CONVERSION = YES;
				GCC_WARN_ABOUT_RETURN_TYPE = YES_ERROR;
				GCC_WARN_UNDECLARED_SELECTOR = YES;
				GCC_WARN_UNINITIALIZED_AUTOS = YES_AGGRESSIVE;
				GCC_WARN_UNUSED_FUNCTION = YES;
				GCC_WARN_UNUSED_VARIABLE = YES;
				IPHONEOS_DEPLOYMENT_TARGET = 12.0;
				MTL_ENABLE_DEBUG_INFO = NO;
				SDKROOT = iphoneos;
				SWIFT_COMPILATION_MODE = wholemodule;
				SWIFT_OPTIMIZATION_LEVEL = "-O";
				VALIDATE_PRODUCT = YES;
			};
			name = Release;
		};
		103B0E1E20FF5A54004DA2E2 /* Debug */ = {
			isa = XCBuildConfiguration;
			buildSettings = {
				ASSETCATALOG_COMPILER_APPICON_NAME = AppIcon;
				CODE_SIGN_STYLE = Automatic;
				DEVELOPMENT_TEAM = P6Y2W9RQ54;
				INFOPLIST_FILE = CreateMLCounter/Info.plist;
				LD_RUNPATH_SEARCH_PATHS = (
					"$(inherited)",
					"@executable_path/Frameworks",
				);
				PRODUCT_BUNDLE_IDENTIFIER = RapidDevCrew.CreateMLCounter;
				PRODUCT_NAME = "$(TARGET_NAME)";
				SWIFT_VERSION = 4.2;
				TARGETED_DEVICE_FAMILY = "1,2";
			};
			name = Debug;
		};
		103B0E1F20FF5A54004DA2E2 /* Release */ = {
			isa = XCBuildConfiguration;
			buildSettings = {
				ASSETCATALOG_COMPILER_APPICON_NAME = AppIcon;
				CODE_SIGN_STYLE = Automatic;
				DEVELOPMENT_TEAM = P6Y2W9RQ54;
				INFOPLIST_FILE = CreateMLCounter/Info.plist;
				LD_RUNPATH_SEARCH_PATHS = (
					"$(inherited)",
					"@executable_path/Frameworks",
				);
				PRODUCT_BUNDLE_IDENTIFIER = RapidDevCrew.CreateMLCounter;
				PRODUCT_NAME = "$(TARGET_NAME)";
				SWIFT_VERSION = 4.2;
				TARGETED_DEVICE_FAMILY = "1,2";
			};
			name = Release;
		};
/* End XCBuildConfiguration section */

/* Begin XCConfigurationList section */
		103B0E0620FF5A52004DA2E2 /* Build configuration list for PBXProject "CreateMLSofiaSwift" */ = {
			isa = XCConfigurationList;
			buildConfigurations = (
				103B0E1B20FF5A54004DA2E2 /* Debug */,
				103B0E1C20FF5A54004DA2E2 /* Release */,
			);
			defaultConfigurationIsVisible = 0;
			defaultConfigurationName = Release;
		};
		103B0E1D20FF5A54004DA2E2 /* Build configuration list for PBXNativeTarget "CreateMLSofiaSwift" */ = {
			isa = XCConfigurationList;
			buildConfigurations = (
				103B0E1E20FF5A54004DA2E2 /* Debug */,
				103B0E1F20FF5A54004DA2E2 /* Release */,
			);
			defaultConfigurationIsVisible = 0;
			defaultConfigurationName = Release;
		};
/* End XCConfigurationList section */
	};
	rootObject = 103B0E0320FF5A52004DA2E2 /* Project object */;
}
